# THIS IS AN AUTOGENERATED FILE. DO NOT EDIT THIS FILE DIRECTLY.
# yarn lockfile v1


"@types/lodash@^4.14.102":
  version "4.14.102"
  resolved "https://registry.yarnpkg.com/@types/lodash/-/lodash-4.14.102.tgz#586a3e22385fc79b07cef9c5a1c8a5387986fbc8"

typescript@^2.7.1:
  version "2.7.1"
  resolved "https://registry.yarnpkg.com/typescript/-/typescript-2.7.1.tgz#bb3682c2c791ac90e7c6210b26478a8da085c359"
